<?xml version="1.0" encoding="UTF-8"?>
<!DOCTYPE plist PUBLIC "-//Apple//DTD PLIST 1.0//EN" "http://www.apple.com/DTDs/PropertyList-1.0.dtd">
<plist version="1.0">
<dict>
	<key>archiveVersion</key>
	<string>1</string>
	<key>classes</key>
	<dict/>
	<key>objectVersion</key>
	<string>56</string>
	<key>objects</key>
	<dict>
		<key>CB57FA637D958F244E1FDACA</key>
		<dict>
			<key>isa</key>
			<string>PBXFileReference</string>
			<key>lastKnownFileType</key>
			<string>sourcecode.swift</string>
			<key>path</key>
			<string>QuadraCamera/CameraEngine.swift</string>
			<key>sourceTree</key>
			<string>&lt;group&gt;</string>
		</dict>
		<key>D6AD5294FF86548CE4F52ECF</key>
		<dict>
			<key>isa</key>
			<string>PBXBuildFile</string>
			<key>fileRef</key>
			<string>CB57FA637D958F244E1FDACA</string>
		</dict>
		<key>D63B2FA169461A6AF5427C62</key>
		<dict>
			<key>isa</key>
			<string>PBXFileReference</string>
			<key>lastKnownFileType</key>
			<string>sourcecode.swift</string>
			<key>path</key>
			<string>QuadraCamera/CameraModel.swift</string>
			<key>sourceTree</key>
			<string>&lt;group&gt;</string>
		</dict>
		<key>0F9D17E409AE387A8812A5EF</key>
		<dict>
			<key>isa</key>
			<string>PBXBuildFile</string>
			<key>fileRef</key>
			<string>D63B2FA169461A6AF5427C62</string>
		</dict>
		<key>90E895F00B9EA847D8B6379B</key>
		<dict>
			<key>isa</key>
			<string>PBXFileReference</string>
			<key>lastKnownFileType</key>
			<string>sourcecode.swift</string>
			<key>path</key>
			<string>QuadraCamera/CameraView.swift</string>
			<key>sourceTree</key>
			<string>&lt;group&gt;</string>
		</dict>
		<key>7C15F1B9B26A73575BCF9DEB</key>
		<dict>
			<key>isa</key>
			<string>PBXBuildFile</string>
			<key>fileRef</key>
			<string>90E895F00B9EA847D8B6379B</string>
		</dict>
		<key>23E0B936088BE8235E81B80B</key>
		<dict>
			<key>isa</key>
			<string>PBXFileReference</string>
			<key>lastKnownFileType</key>
			<string>sourcecode.swift</string>
			<key>path</key>
			<string>QuadraCamera/GlassMaterial.swift</string>
			<key>sourceTree</key>
			<string>&lt;group&gt;</string>
		</dict>
		<key>18D1D553EB0B5033CC7E8829</key>
		<dict>
			<key>isa</key>
			<string>PBXBuildFile</string>
			<key>fileRef</key>
			<string>23E0B936088BE8235E81B80B</string>
		</dict>
		<key>C04923134A07D0CC236A20E6</key>
		<dict>
			<key>isa</key>
			<string>PBXFileReference</string>
			<key>lastKnownFileType</key>
			<string>sourcecode.swift</string>
			<key>path</key>
			<string>QuadraCamera/GlassRenderer.swift</string>
			<key>sourceTree</key>
			<string>&lt;group&gt;</string>
		</dict>
		<key>99FB8261CAC516D16971B703</key>
		<dict>
			<key>isa</key>
			<string>PBXBuildFile</string>
			<key>fileRef</key>
			<string>C04923134A07D0CC236A20E6</string>
		</dict>
		<key>3969804A9C688D7D211E6D70</key>
		<dict>
			<key>isa</key>
			<string>PBXFileReference</string>
			<key>lastKnownFileType</key>
			<string>sourcecode.swift</string>
			<key>path</key>
			<string>QuadraCamera/InterstitialAd.swift</string>
			<key>sourceTree</key>
			<string>&lt;group&gt;</string>
		</dict>
		<key>33D7AA7736AC133BE1B7E1BE</key>
		<dict>
			<key>isa</key>
			<string>PBXBuildFile</string>
			<key>fileRef</key>
			<string>3969804A9C688D7D211E6D70</string>
		</dict>
		<key>DB745CC97ACCF71AA5220D53</key>
		<dict>
			<key>isa</key>
			<string>PBXFileReference</string>
			<key>lastKnownFileType</key>
			<string>sourcecode.swift</string>
			<key>path</key>
			<string>QuadraCamera/VideoRecorder.swift</string>
			<key>sourceTree</key>
			<string>&lt;group&gt;</string>
		</dict>
		<key>0EB43F97053444AFDFD45276</key>
		<dict>
			<key>isa</key>
			<string>PBXBuildFile</string>
			<key>fileRef</key>
			<string>DB745CC97ACCF71AA5220D53</string>
		</dict>
		<key>646FCB0B8AD27A334D621C35</key>
		<dict>
			<key>isa</key>
			<string>PBXFileReference</string>
			<key>lastKnownFileType</key>
			<string>text</string>
			<key>path</key>
			<string>QuadraCamera/Resources/Attribution.txt</string>
			<key>sourceTree</key>
			<string>&lt;group&gt;</string>
		</dict>
		<key>0FE769CA6BF7EFF2C6AD14E3</key>
		<dict>
			<key>isa</key>
			<string>PBXBuildFile</string>
			<key>fileRef</key>
			<string>646FCB0B8AD27A334D621C35</string>
		</dict>
		<key>0CE69E01412C1140CB5378B8</key>
		<dict>
			<key>isa</key>
			<string>PBXFileReference</string>
			<key>lastKnownFileType</key>
			<string>text</string>
			<key>path</key>
			<string>QuadraCamera/Resources/quadra.json</string>
			<key>sourceTree</key>
			<string>&lt;group&gt;</string>
		</dict>
		<key>69EB209181141D93326D65A6</key>
		<dict>
			<key>isa</key>
			<string>PBXBuildFile</string>
			<key>fileRef</key>
			<string>0CE69E01412C1140CB5378B8</string>
		</dict>
		<key>F20BE1EE62C2F6C823D012FB</key>
		<dict>
			<key>isa</key>
			<string>PBXFileReference</string>
			<key>lastKnownFileType</key>
			<string>text</string>
			<key>path</key>
			<string>QuadraCamera/Resources/sample-cat.jpg</string>
			<key>sourceTree</key>
			<string>&lt;group&gt;</string>
		</dict>
		<key>CB582DCC56BE2E9DF764259D</key>
		<dict>
			<key>isa</key>
			<string>PBXBuildFile</string>
			<key>fileRef</key>
			<string>F20BE1EE62C2F6C823D012FB</string>
		</dict>
		<key>EA9356E480FFC3FDE00C86FE</key>
		<dict>
			<key>isa</key>
			<string>PBXFileReference</string>
			<key>lastKnownFileType</key>
			<string>text</string>
			<key>path</key>
			<string>QuadraCamera/Resources/sample-dog.jpg</string>
			<key>sourceTree</key>
			<string>&lt;group&gt;</string>
		</dict>
		<key>7F9A356832792F22B36AEF6F</key>
		<dict>
			<key>isa</key>
			<string>PBXBuildFile</string>
			<key>fileRef</key>
			<string>EA9356E480FFC3FDE00C86FE</string>
		</dict>
		<key>1E40CA1DE6DC79378A44A57C</key>
		<dict>
			<key>isa</key>
			<string>PBXFileReference</string>
			<key>lastKnownFileType</key>
			<string>text</string>
			<key>path</key>
			<string>QuadraCamera/Shaders/Quadra.metal</string>
			<key>sourceTree</key>
			<string>&lt;group&gt;</string>
		</dict>
		<key>65540BC49C5990A7C78A2358</key>
		<dict>
			<key>isa</key>
			<string>PBXBuildFile</string>
			<key>fileRef</key>
			<string>1E40CA1DE6DC79378A44A57C</string>
		</dict>
		<key>F1716325065103A35420916F</key>
		<dict>
			<key>isa</key>
			<string>PBXFileReference</string>
			<key>lastKnownFileType</key>
			<string>folder.assetcatalog</string>
			<key>path</key>
			<string>QuadraCamera/Assets.xcassets</string>
			<key>sourceTree</key>
			<string>&lt;group&gt;</string>
		</dict>
		<key>CDED15A7CEF4823E052905E5</key>
		<dict>
			<key>isa</key>
			<string>PBXBuildFile</string>
			<key>fileRef</key>
			<string>F1716325065103A35420916F</string>
		</dict>
		<key>31B12F3ECC34C924D71599EB</key>
		<dict>
			<key>isa</key>
			<string>PBXFileReference</string>
			<key>lastKnownFileType</key>
			<string>folder</string>
			<key>path</key>
			<string>QuadraCamera/en.lproj</string>
			<key>sourceTree</key>
			<string>&lt;group&gt;</string>
		</dict>
		<key>EF2E37A653D57FCD2DB9E118</key>
		<dict>
			<key>isa</key>
			<string>PBXBuildFile</string>
			<key>fileRef</key>
			<string>31B12F3ECC34C924D71599EB</string>
		</dict>
		<key>BB9D2D434741DDDF8FC9815B</key>
		<dict>
			<key>isa</key>
			<string>PBXFileReference</string>
			<key>lastKnownFileType</key>
			<string>folder</string>
			<key>path</key>
			<string>QuadraCamera/ja.lproj</string>
			<key>sourceTree</key>
			<string>&lt;group&gt;</string>
		</dict>
		<key>B84B55FD9AB4C2A045B92A1F</key>
		<dict>
			<key>isa</key>
			<string>PBXBuildFile</string>
			<key>fileRef</key>
			<string>BB9D2D434741DDDF8FC9815B</string>
		</dict>
		<key>2D3897D75E0B80A8478FA67A</key>
		<dict>
			<key>isa</key>
			<string>PBXFileReference</string>
			<key>lastKnownFileType</key>
			<string>folder</string>
			<key>path</key>
			<string>QuadraCamera/ko.lproj</string>
			<key>sourceTree</key>
			<string>&lt;group&gt;</string>
		</dict>
		<key>156C62415F278BB4FE875D59</key>
		<dict>
			<key>isa</key>
			<string>PBXBuildFile</string>
			<key>fileRef</key>
			<string>2D3897D75E0B80A8478FA67A</string>
		</dict>
		<key>E5B4B3DD0E3D3DE5E2F7F211</key>
		<dict>
			<key>isa</key>
			<string>PBXFileReference</string>
			<key>lastKnownFileType</key>
			<string>text</string>
			<key>path</key>
			<string>QuadraCamera/Info.plist</string>
			<key>sourceTree</key>
			<string>&lt;group&gt;</string>
		</dict>
		<key>4E783A9E10D2A8ABA38CD11C</key>
		<dict>
			<key>isa</key>
			<string>PBXFileReference</string>
			<key>explicitFileType</key>
			<string>wrapper.application</string>
			<key>path</key>
			<string>QUADRA.app</string>
			<key>sourceTree</key>
			<string>BUILT_PRODUCTS_DIR</string>
		</dict>
		<key>8ED46F91FB31AC8D16172F9E</key>
		<dict>
			<key>isa</key>
			<string>PBXFileReference</string>
			<key>explicitFileType</key>
			<string>wrapper.cfbundle</string>
			<key>path</key>
			<string>QuadraUITests.xctest</string>
			<key>sourceTree</key>
			<string>BUILT_PRODUCTS_DIR</string>
		</dict>
		<key>7C6054F5180F9C764E432F53</key>
		<dict>
			<key>isa</key>
			<string>PBXFileReference</string>
			<key>lastKnownFileType</key>
			<string>sourcecode.swift</string>
			<key>path</key>
			<string>Tests/QuadraUITests.swift</string>
			<key>sourceTree</key>
			<string>&lt;group&gt;</string>
		</dict>
		<key>3A11F3E27B9C8227342CA6C8</key>
		<dict>
			<key>isa</key>
			<string>PBXBuildFile</string>
			<key>fileRef</key>
			<string>7C6054F5180F9C764E432F53</string>
		</dict>
		<key>FBDC4F23F93125BBEEAE800C</key>
		<dict>
			<key>isa</key>
			<string>PBXGroup</string>
			<key>children</key>
			<array>
				<string>4E783A9E10D2A8ABA38CD11C</string>
				<string>8ED46F91FB31AC8D16172F9E</string>
			</array>
			<key>name</key>
			<string>Products</string>
			<key>sourceTree</key>
			<string>&lt;group&gt;</string>
		</dict>
		<key>870B3294C0CBD48AF6BBCC1B</key>
		<dict>
			<key>isa</key>
			<string>PBXGroup</string>
			<key>children</key>
			<array>
				<string>CB57FA637D958F244E1FDACA</string>
				<string>D63B2FA169461A6AF5427C62</string>
				<string>90E895F00B9EA847D8B6379B</string>
				<string>23E0B936088BE8235E81B80B</string>
				<string>C04923134A07D0CC236A20E6</string>
				<string>3969804A9C688D7D211E6D70</string>
				<string>DB745CC97ACCF71AA5220D53</string>
				<string>646FCB0B8AD27A334D621C35</string>
				<string>0CE69E01412C1140CB5378B8</string>
				<string>F20BE1EE62C2F6C823D012FB</string>
				<string>EA9356E480FFC3FDE00C86FE</string>
				<string>1E40CA1DE6DC79378A44A57C</string>
				<string>F1716325065103A35420916F</string>
				<string>31B12F3ECC34C924D71599EB</string>
				<string>BB9D2D434741DDDF8FC9815B</string>
				<string>2D3897D75E0B80A8478FA67A</string>
				<string>E5B4B3DD0E3D3DE5E2F7F211</string>
				<string>7C6054F5180F9C764E432F53</string>
				<string>FBDC4F23F93125BBEEAE800C</string>
			</array>
			<key>sourceTree</key>
			<string>&lt;group&gt;</string>
		</dict>
		<key>7704EA0F0097B48D9CF7B807</key>
		<dict>
			<key>isa</key>
			<string>XCRemoteSwiftPackageReference</string>
			<key>repositoryURL</key>
			<string>https://github.com/googleads/swift-package-manager-google-mobile-ads.git</string>
			<key>requirement</key>
			<dict>
				<key>kind</key>
				<string>upToNextMajorVersion</string>
				<key>minimumVersion</key>
				<string>13.10.0</string>
			</dict>
		</dict>
		<key>231555870DFF966DADDEBDD3</key>
		<dict>
			<key>isa</key>
			<string>XCSwiftPackageProductDependency</string>
			<key>package</key>
			<string>7704EA0F0097B48D9CF7B807</string>
			<key>productName</key>
			<string>GoogleMobileAds</string>
		</dict>
		<key>B495E37B208EFCE9E568514E</key>
		<dict>
			<key>isa</key>
			<string>PBXBuildFile</string>
			<key>productRef</key>
			<string>231555870DFF966DADDEBDD3</string>
		</dict>
		<key>7561BFB015D8F536760CB671</key>
		<dict>
			<key>isa</key>
			<string>PBXFrameworksBuildPhase</string>
			<key>buildActionMask</key>
			<integer>2147483647</integer>
			<key>files</key>
			<array>
				<string>B495E37B208EFCE9E568514E</string>
			</array>
			<key>runOnlyForDeploymentPostprocessing</key>
			<integer>0</integer>
		</dict>
		<key>BCE16DD0260827ECF338C787</key>
		<dict>
			<key>isa</key>
			<string>PBXSourcesBuildPhase</string>
			<key>buildActionMask</key>
			<integer>2147483647</integer>
			<key>files</key>
			<array>
				<string>D6AD5294FF86548CE4F52ECF</string>
				<string>0F9D17E409AE387A8812A5EF</string>
				<string>7C15F1B9B26A73575BCF9DEB</string>
				<string>18D1D553EB0B5033CC7E8829</string>
				<string>99FB8261CAC516D16971B703</string>
				<string>33D7AA7736AC133BE1B7E1BE</string>
				<string>0EB43F97053444AFDFD45276</string>
			</array>
			<key>runOnlyForDeploymentPostprocessing</key>
			<integer>0</integer>
		</dict>
		<key>0189424A5A60FED329FA868E</key>
		<dict>
			<key>isa</key>
			<string>PBXResourcesBuildPhase</string>
			<key>buildActionMask</key>
			<integer>2147483647</integer>
			<key>files</key>
			<array>
				<string>0FE769CA6BF7EFF2C6AD14E3</string>
				<string>69EB209181141D93326D65A6</string>
				<string>CB582DCC56BE2E9DF764259D</string>
				<string>7F9A356832792F22B36AEF6F</string>
				<string>65540BC49C5990A7C78A2358</string>
				<string>CDED15A7CEF4823E052905E5</string>
				<string>EF2E37A653D57FCD2DB9E118</string>
				<string>B84B55FD9AB4C2A045B92A1F</string>
				<string>156C62415F278BB4FE875D59</string>
			</array>
			<key>runOnlyForDeploymentPostprocessing</key>
			<integer>0</integer>
		</dict>
		<key>E9B2E96ABC5F6856F2BE79CF</key>
		<dict>
			<key>isa</key>
			<string>XCBuildConfiguration</string>
			<key>name</key>
			<string>Debug</string>
			<key>buildSettings</key>
			<dict>
				<key>SDKROOT</key>
				<string>iphoneos</string>
				<key>IPHONEOS_DEPLOYMENT_TARGET</key>
				<string>17.0</string>
				<key>SWIFT_VERSION</key>
				<string>5.0</string>
				<key>CLANG_ENABLE_MODULES</key>
				<string>YES</string>
				<key>TARGETED_DEVICE_FAMILY</key>
				<string>1</string>
				<key>CODE_SIGN_STYLE</key>
				<string>Automatic</string>
				<key>PRODUCT_BUNDLE_IDENTIFIER</key>
				<string>com.lotus.quadraglass</string>
				<key>PRODUCT_NAME</key>
				<string>QUADRA</string>
				<key>INFOPLIST_FILE</key>
				<string>QuadraCamera/Info.plist</string>
				<key>DEVELOPMENT_TEAM</key>
				<string>VN497S6KK3</string>
				<key>SUPPORTED_PLATFORMS</key>
				<string>iphoneos iphonesimulator</string>
				<key>ENABLE_USER_SCRIPT_SANDBOXING</key>
				<string>YES</string>
				<key>SWIFT_EMIT_LOC_STRINGS</key>
				<string>NO</string>
				<key>ASSETCATALOG_COMPILER_APPICON_NAME</key>
				<string>AppIcon</string>
				<key>SWIFT_OPTIMIZATION_LEVEL</key>
				<string>-Onone</string>
				<key>DEBUG_INFORMATION_FORMAT</key>
				<string>dwarf</string>
				<key>SWIFT_ACTIVE_COMPILATION_CONDITIONS</key>
				<string>DEBUG</string>
			</dict>
		</dict>
		<key>5A8C91857F674E16E2724F47</key>
		<dict>
			<key>isa</key>
			<string>XCBuildConfiguration</string>
			<key>name</key>
			<string>Release</string>
			<key>buildSettings</key>
			<dict>
				<key>SDKROOT</key>
				<string>iphoneos</string>
				<key>IPHONEOS_DEPLOYMENT_TARGET</key>
				<string>17.0</string>
				<key>SWIFT_VERSION</key>
				<string>5.0</string>
				<key>CLANG_ENABLE_MODULES</key>
				<string>YES</string>
				<key>TARGETED_DEVICE_FAMILY</key>
				<string>1</string>
				<key>CODE_SIGN_STYLE</key>
				<string>Automatic</string>
				<key>PRODUCT_BUNDLE_IDENTIFIER</key>
				<string>com.lotus.quadraglass</string>
				<key>PRODUCT_NAME</key>
				<string>QUADRA</string>
				<key>INFOPLIST_FILE</key>
				<string>QuadraCamera/Info.plist</string>
				<key>DEVELOPMENT_TEAM</key>
				<string>VN497S6KK3</string>
				<key>SUPPORTED_PLATFORMS</key>
				<string>iphoneos iphonesimulator</string>
				<key>ENABLE_USER_SCRIPT_SANDBOXING</key>
				<string>YES</string>
				<key>SWIFT_EMIT_LOC_STRINGS</key>
				<string>NO</string>
				<key>ASSETCATALOG_COMPILER_APPICON_NAME</key>
				<string>AppIcon</string>
				<key>SWIFT_OPTIMIZATION_LEVEL</key>
				<string>-O</string>
				<key>DEBUG_INFORMATION_FORMAT</key>
				<string>dwarf</string>
			</dict>
		</dict>
		<key>F37922C48DA5978D02C9E50E</key>
		<dict>
			<key>isa</key>
			<string>XCConfigurationList</string>
			<key>buildConfigurations</key>
			<array>
				<string>E9B2E96ABC5F6856F2BE79CF</string>
				<string>5A8C91857F674E16E2724F47</string>
			</array>
			<key>defaultConfigurationIsVisible</key>
			<integer>0</integer>
			<key>defaultConfigurationName</key>
			<string>Release</string>
		</dict>
		<key>F75109BEB4DD8800DA6B45F8</key>
		<dict>
			<key>isa</key>
			<string>PBXNativeTarget</string>
			<key>buildConfigurationList</key>
			<string>F37922C48DA5978D02C9E50E</string>
			<key>buildPhases</key>
			<array>
				<string>BCE16DD0260827ECF338C787</string>
				<string>7561BFB015D8F536760CB671</string>
				<string>0189424A5A60FED329FA868E</string>
			</array>
			<key>buildRules</key>
			<array/>
			<key>dependencies</key>
			<array/>
			<key>name</key>
			<string>QUADRA</string>
			<key>packageProductDependencies</key>
			<array>
				<string>231555870DFF966DADDEBDD3</string>
			</array>
			<key>productName</key>
			<string>QUADRA</string>
			<key>productReference</key>
			<string>4E783A9E10D2A8ABA38CD11C</string>
			<key>productType</key>
			<string>com.apple.product-type.application</string>
		</dict>
		<key>7E85D4A68785761E1DBB22D8</key>
		<dict>
			<key>isa</key>
			<string>PBXContainerItemProxy</string>
			<key>containerPortal</key>
			<string>98F54143AB4E86B28C3AFEE0</string>
			<key>proxyType</key>
			<integer>1</integer>
			<key>remoteGlobalIDString</key>
			<string>F75109BEB4DD8800DA6B45F8</string>
			<key>remoteInfo</key>
			<string>QUADRA</string>
		</dict>
		<key>BAE932EF166B50AB877FDC6F</key>
		<dict>
			<key>isa</key>
			<string>PBXTargetDependency</string>
			<key>target</key>
			<string>F75109BEB4DD8800DA6B45F8</string>
			<key>targetProxy</key>
			<string>7E85D4A68785761E1DBB22D8</string>
		</dict>
		<key>77A03FEE20FE96AD9384861E</key>
		<dict>
			<key>isa</key>
			<string>PBXSourcesBuildPhase</string>
			<key>buildActionMask</key>
			<integer>2147483647</integer>
			<key>files</key>
			<array>
				<string>3A11F3E27B9C8227342CA6C8</string>
			</array>
			<key>runOnlyForDeploymentPostprocessing</key>
			<integer>0</integer>
		</dict>
		<key>0F3D67935A4F199E058A017A</key>
		<dict>
			<key>isa</key>
			<string>XCBuildConfiguration</string>
			<key>name</key>
			<string>Debug</string>
			<key>buildSettings</key>
			<dict>
				<key>SDKROOT</key>
				<string>iphoneos</string>
				<key>IPHONEOS_DEPLOYMENT_TARGET</key>
				<string>17.0</string>
				<key>SWIFT_VERSION</key>
				<string>5.0</string>
				<key>CLANG_ENABLE_MODULES</key>
				<string>YES</string>
				<key>TARGETED_DEVICE_FAMILY</key>
				<string>1</string>
				<key>CODE_SIGN_STYLE</key>
				<string>Automatic</string>
				<key>PRODUCT_BUNDLE_IDENTIFIER</key>
				<string>com.lotus.quadraglass.uitests</string>
				<key>PRODUCT_NAME</key>
				<string>QuadraUITests</string>
				<key>GENERATE_INFOPLIST_FILE</key>
				<string>YES</string>
				<key>TEST_TARGET_NAME</key>
				<string>QUADRA</string>
				<key>DEVELOPMENT_TEAM</key>
				<string>VN497S6KK3</string>
				<key>SWIFT_OPTIMIZATION_LEVEL</key>
				<string>-Onone</string>
				<key>DEBUG_INFORMATION_FORMAT</key>
				<string>dwarf</string>
				<key>SWIFT_ACTIVE_COMPILATION_CONDITIONS</key>
				<string>DEBUG</string>
			</dict>
		</dict>
		<key>20B70E15FDC36C625E57F658</key>
		<dict>
			<key>isa</key>
			<string>XCBuildConfiguration</string>
			<key>name</key>
			<string>Release</string>
			<key>buildSettings</key>
			<dict>
				<key>SDKROOT</key>
				<string>iphoneos</string>
				<key>IPHONEOS_DEPLOYMENT_TARGET</key>
				<string>17.0</string>
				<key>SWIFT_VERSION</key>
				<string>5.0</string>
				<key>CLANG_ENABLE_MODULES</key>
				<string>YES</string>
				<key>TARGETED_DEVICE_FAMILY</key>
				<string>1</string>
				<key>CODE_SIGN_STYLE</key>
				<string>Automatic</string>
				<key>PRODUCT_BUNDLE_IDENTIFIER</key>
				<string>com.lotus.quadraglass.uitests</string>
				<key>PRODUCT_NAME</key>
				<string>QuadraUITests</string>
				<key>GENERATE_INFOPLIST_FILE</key>
				<string>YES</string>
				<key>TEST_TARGET_NAME</key>
				<string>QUADRA</string>
				<key>DEVELOPMENT_TEAM</key>
				<string>VN497S6KK3</string>
				<key>SWIFT_OPTIMIZATION_LEVEL</key>
				<string>-O</string>
				<key>DEBUG_INFORMATION_FORMAT</key>
				<string>dwarf</string>
			</dict>
		</dict>
		<key>61AF5D6BEA2D148C6F2833BF</key>
		<dict>
			<key>isa</key>
			<string>XCConfigurationList</string>
			<key>buildConfigurations</key>
			<array>
				<string>0F3D67935A4F199E058A017A</string>
				<string>20B70E15FDC36C625E57F658</string>
			</array>
			<key>defaultConfigurationIsVisible</key>
			<integer>0</integer>
			<key>defaultConfigurationName</key>
			<string>Release</string>
		</dict>
		<key>B2BFE0D3C68337315431B2F3</key>
		<dict>
			<key>isa</key>
			<string>PBXNativeTarget</string>
			<key>buildConfigurationList</key>
			<string>61AF5D6BEA2D148C6F2833BF</string>
			<key>buildPhases</key>
			<array>
				<string>77A03FEE20FE96AD9384861E</string>
			</array>
			<key>buildRules</key>
			<array/>
			<key>dependencies</key>
			<array>
				<string>BAE932EF166B50AB877FDC6F</string>
			</array>
			<key>name</key>
			<string>QuadraUITests</string>
			<key>productName</key>
			<string>QuadraUITests</string>
			<key>productReference</key>
			<string>8ED46F91FB31AC8D16172F9E</string>
			<key>productType</key>
			<string>com.apple.product-type.bundle.ui-testing</string>
		</dict>
		<key>89E1FD6268CC0F221A2BE178</key>
		<dict>
			<key>isa</key>
			<string>XCBuildConfiguration</string>
			<key>name</key>
			<string>Debug</string>
			<key>buildSettings</key>
			<dict>
				<key>SWIFT_OPTIMIZATION_LEVEL</key>
				<string>-Onone</string>
				<key>DEBUG_INFORMATION_FORMAT</key>
				<string>dwarf</string>
				<key>SWIFT_ACTIVE_COMPILATION_CONDITIONS</key>
				<string>DEBUG</string>
			</dict>
		</dict>
		<key>E6DE6C99132752C914FEF632</key>
		<dict>
			<key>isa</key>
			<string>XCBuildConfiguration</string>
			<key>name</key>
			<string>Release</string>
			<key>buildSettings</key>
			<dict>
				<key>SWIFT_OPTIMIZATION_LEVEL</key>
				<string>-O</string>
				<key>DEBUG_INFORMATION_FORMAT</key>
				<string>dwarf</string>
			</dict>
		</dict>
		<key>862894B703A6DEDF96A9DD6C</key>
		<dict>
			<key>isa</key>
			<string>XCConfigurationList</string>
			<key>buildConfigurations</key>
			<array>
				<string>89E1FD6268CC0F221A2BE178</string>
				<string>E6DE6C99132752C914FEF632</string>
			</array>
			<key>defaultConfigurationIsVisible</key>
			<integer>0</integer>
			<key>defaultConfigurationName</key>
			<string>Release</string>
		</dict>
		<key>98F54143AB4E86B28C3AFEE0</key>
		<dict>
			<key>isa</key>
			<string>PBXProject</string>
			<key>attributes</key>
			<dict>
				<key>LastUpgradeCheck</key>
				<string>2600</string>
				<key>TargetAttributes</key>
				<dict>
					<key>F75109BEB4DD8800DA6B45F8</key>
					<dict>
						<key>CreatedOnToolsVersion</key>
						<string>26.0</string>
					</dict>
					<key>B2BFE0D3C68337315431B2F3</key>
					<dict>
						<key>CreatedOnToolsVersion</key>
						<string>26.0</string>
						<key>TestTargetID</key>
						<string>F75109BEB4DD8800DA6B45F8</string>
					</dict>
				</dict>
			</dict>
			<key>buildConfigurationList</key>
			<string>862894B703A6DEDF96A9DD6C</string>
			<key>compatibilityVersion</key>
			<string>Xcode 14.0</string>
			<key>developmentRegion</key>
			<string>ko</string>
			<key>knownRegions</key>
			<array>
				<string>ko</string>
				<string>en</string>
				<string>Base</string>
			</array>
			<key>mainGroup</key>
			<string>870B3294C0CBD48AF6BBCC1B</string>
			<key>packageReferences</key>
			<array>
				<string>7704EA0F0097B48D9CF7B807</string>
			</array>
			<key>productRefGroup</key>
			<string>FBDC4F23F93125BBEEAE800C</string>
			<key>projectDirPath</key>
			<string></string>
			<key>projectRoot</key>
			<string></string>
			<key>targets</key>
			<array>
				<string>F75109BEB4DD8800DA6B45F8</string>
				<string>B2BFE0D3C68337315431B2F3</string>
			</array>
		</dict>
	</dict>
	<key>rootObject</key>
	<string>98F54143AB4E86B28C3AFEE0</string>
</dict>
</plist>
